
Microsoft Visual Studio Solution File, Format Version 12.00
# Visual Studio Version 17
VisualStudioVersion = 17.4.33213.308
MinimumVisualStudioVersion = 10.0.40219.1
Project("{FAE04EC0-301F-11D3-BF4B-00C04F79EFBC}") = "OnlineEnglishTest", "OnlineEnglishTest\OnlineEnglishTest.csproj", "{01F2F366-FC17-4425-9421-4858731F5A54}"
EndProject
Global
	GlobalSection(SolutionConfigurationPlatforms) = preSolution
		Debug|Any CPU = Debug|Any CPU
		Release|Any CPU = Release|Any CPU
	EndGlobalSection
	GlobalSection(ProjectConfigurationPlatforms) = postSolution
		{01F2F366-FC17-4425-9421-4858731F5A54}.Debug|Any CPU.ActiveCfg = Debug|Any CPU
		{01F2F366-FC17-4425-9421-4858731F5A54}.Debug|Any CPU.Build.0 = Debug|Any CPU
		{01F2F366-FC17-4425-9421-4858731F5A54}.Release|Any CPU.ActiveCfg = Release|Any CPU
		{01F2F366-FC17-4425-9421-4858731F5A54}.Release|Any CPU.Build.0 = Release|Any CPU
	EndGlobalSection
	GlobalSection(SolutionProperties) = preSolution
		HideSolutionNode = FALSE
	EndGlobalSection
	GlobalSection(ExtensibilityGlobals) = postSolution
		SolutionGuid = {744B329A-2796-4C6D-B90C-65EC2E4C497F}
	EndGlobalSection
EndGlobal
